
Microsoft Visual Studio Solution File, Format Version 12.00
# Visual Studio Version 17
VisualStudioVersion = 17.14.36518.9 d17.14
MinimumVisualStudioVersion = 10.0.40219.1
Project("{8BC9CEB8-8B4A-11D0-8D11-00A0C91BC942}") = "projekt_lab_04", "projekt_lab_04\projekt_lab_04.vcxproj", "{3C7663FF-0B70-4610-87B7-5751013A4D31}"
EndProject
Global
	GlobalSection(SolutionConfigurationPlatforms) = preSolution
		Debug|x64 = Debug|x64
		Debug|x86 = Debug|x86
		Release|x64 = Release|x64
		Release|x86 = Release|x86
	EndGlobalSection
	GlobalSection(ProjectConfigurationPlatforms) = postSolution
		{3C7663FF-0B70-4610-87B7-5751013A4D31}.Debug|x64.ActiveCfg = Debug|x64
		{3C7663FF-0B70-4610-87B7-5751013A4D31}.Debug|x64.Build.0 = Debug|x64
		{3C7663FF-0B70-4610-87B7-5751013A4D31}.Debug|x86.ActiveCfg = Debug|Win32
		{3C7663FF-0B70-4610-87B7-5751013A4D31}.Debug|x86.Build.0 = Debug|Win32
		{3C7663FF-0B70-4610-87B7-5751013A4D31}.Release|x64.ActiveCfg = Release|x64
		{3C7663FF-0B70-4610-87B7-5751013A4D31}.Release|x64.Build.0 = Release|x64
		{3C7663FF-0B70-4610-87B7-5751013A4D31}.Release|x86.ActiveCfg = Release|Win32
		{3C7663FF-0B70-4610-87B7-5751013A4D31}.Release|x86.Build.0 = Release|Win32
	EndGlobalSection
	GlobalSection(SolutionProperties) = preSolution
		HideSolutionNode = FALSE
	EndGlobalSection
	GlobalSection(ExtensibilityGlobals) = postSolution
		SolutionGuid = {3B727BBC-A3A2-46DE-9C04-E9C8D0523514}
	EndGlobalSection
EndGlobal
